# THIS IS AN AUTOGENERATED FILE. DO NOT EDIT THIS FILE DIRECTLY.
# yarn lockfile v1


jquery@^3.7.1:
  version "3.7.1"
  resolved "https://registry.yarnpkg.com/jquery/-/jquery-3.7.1.tgz#083ef98927c9a6a74d05a6af02806566d16274de"
  integrity sha512-m4avr8yL8kmFN8psrbFFFmB/If14iN5o9nw/NgnnM+kybDJpRsAynV2BsfpTYrTRysYUdADVD7CkUUizgkpLfg==

mdb-ui-kit@^8.2.0:
  version "8.2.0"
  resolved "https://registry.yarnpkg.com/mdb-ui-kit/-/mdb-ui-kit-8.2.0.tgz#17a0483aa11cc852bc767f609ee13ea204549426"
  integrity sha512-7jaZktVZvTafzlqD6gmc1S2mU8Ue6bHsypnwtcCBUHmf6euW8sip181inY3MQQROKuLU8AxGm0a92XFps0PXuQ==
